
Microsoft Visual Studio Solution File, Format Version 12.00
# Visual Studio 15
VisualStudioVersion = 15.0.28010.2048
MinimumVisualStudioVersion = 10.0.40219.1
Project("{FAE04EC0-301F-11D3-BF4B-00C04F79EFBC}") = "Synthlog", "Synthlog\Synthlog.csproj", "{B0117832-B601-4670-95D0-0D8D273D3469}"
EndProject
Global
	GlobalSection(SolutionConfigurationPlatforms) = preSolution
		Debug|Any CPU = Debug|Any CPU
		Release|Any CPU = Release|Any CPU
	EndGlobalSection
	GlobalSection(ProjectConfigurationPlatforms) = postSolution
		{B0117832-B601-4670-95D0-0D8D273D3469}.Debug|Any CPU.ActiveCfg = Debug|Any CPU
		{B0117832-B601-4670-95D0-0D8D273D3469}.Debug|Any CPU.Build.0 = Debug|Any CPU
		{B0117832-B601-4670-95D0-0D8D273D3469}.Release|Any CPU.ActiveCfg = Release|Any CPU
		{B0117832-B601-4670-95D0-0D8D273D3469}.Release|Any CPU.Build.0 = Release|Any CPU
	EndGlobalSection
	GlobalSection(SolutionProperties) = preSolution
		HideSolutionNode = FALSE
	EndGlobalSection
	GlobalSection(ExtensibilityGlobals) = postSolution
		SolutionGuid = {D68D5DD5-DB41-403B-8F33-CE2B8D72FBAC}
	EndGlobalSection
EndGlobal
